{
  "name": "RemixLibrary24",
  "lockfileVersion": 3,
  "requires": true,
  "packages": {
    "": {
      "dependencies": {
        "n": "^10.0.0"
      },
      "devDependencies": {
        "@types/luxon": "^3.4.2"
      }
    },
    "node_modules/@types/luxon": {
      "version": "3.4.2",
      "resolved": "https://registry.npmjs.org/@types/luxon/-/luxon-3.4.2.tgz",
      "integrity": "sha512-TifLZlFudklWlMBfhubvgqTXRzLDI5pCbGa4P8a3wPyUQSW+1xQ5eDsreP9DWHX3tjq1ke96uYG/nwundroWcA==",
      "dev": true,
      "license": "MIT"
    },
    "node_modules/n": {
      "version": "10.0.0",
      "resolved": "https://registry.npmjs.org/n/-/n-10.0.0.tgz",
      "integrity": "sha512-DUo92Hiufg66paQRSsUuXrZk/0NVt28iuzUZxdwVtCRaS9VEYadduJjSYmsjYKgkpdV7sT9Mn2Epp9YfsjuVuw==",
      "license": "MIT",
      "os": [
        "!win32"
      ],
      "bin": {
        "n": "bin/n"
      },
      "engines": {
        "node": "*"
      }
    }
  }
}
